
Microsoft Visual Studio Solution File, Format Version 12.00
# Visual Studio Version 17
VisualStudioVersion = 17.6.33829.357
MinimumVisualStudioVersion = 10.0.40219.1
Project("{FAE04EC0-301F-11D3-BF4B-00C04F79EFBC}") = "OpenShiftDemo", "OpenShiftDemo\OpenShiftDemo.csproj", "{27A8AEE6-9D1E-461B-AB3B-DF68717A55EB}"
EndProject
Global
	GlobalSection(SolutionConfigurationPlatforms) = preSolution
		Debug|Any CPU = Debug|Any CPU
		Release|Any CPU = Release|Any CPU
	EndGlobalSection
	GlobalSection(ProjectConfigurationPlatforms) = postSolution
		{27A8AEE6-9D1E-461B-AB3B-DF68717A55EB}.Debug|Any CPU.ActiveCfg = Debug|Any CPU
		{27A8AEE6-9D1E-461B-AB3B-DF68717A55EB}.Debug|Any CPU.Build.0 = Debug|Any CPU
		{27A8AEE6-9D1E-461B-AB3B-DF68717A55EB}.Release|Any CPU.ActiveCfg = Release|Any CPU
		{27A8AEE6-9D1E-461B-AB3B-DF68717A55EB}.Release|Any CPU.Build.0 = Release|Any CPU
	EndGlobalSection
	GlobalSection(SolutionProperties) = preSolution
		HideSolutionNode = FALSE
	EndGlobalSection
	GlobalSection(ExtensibilityGlobals) = postSolution
		SolutionGuid = {2D3E0EFD-7B90-4C87-BD33-A738D662B2C8}
	EndGlobalSection
EndGlobal
